[[package]]
name = "peresil"
version = "0.3.0"
source = "registry+https://github.com/rust-lang/crates.io-index"

[[package]]
name = "quick-error"
version = "1.2.2"
source = "registry+https://github.com/rust-lang/crates.io-index"

[[package]]
name = "rust-xpath-extractor"
version = "0.1.1"
dependencies = [
 "sxd-document 0.3.0 (registry+https://github.com/rust-lang/crates.io-index)",
 "sxd-xpath 0.4.2 (registry+https://github.com/rust-lang/crates.io-index)",
]

[[package]]
name = "sxd-document"
version = "0.3.0"
source = "registry+https://github.com/rust-lang/crates.io-index"
dependencies = [
 "peresil 0.3.0 (registry+https://github.com/rust-lang/crates.io-index)",
 "typed-arena 1.4.1 (registry+https://github.com/rust-lang/crates.io-index)",
]

[[package]]
name = "sxd-xpath"
version = "0.4.2"
source = "registry+https://github.com/rust-lang/crates.io-index"
dependencies = [
 "peresil 0.3.0 (registry+https://github.com/rust-lang/crates.io-index)",
 "quick-error 1.2.2 (registry+https://github.com/rust-lang/crates.io-index)",
 "sxd-document 0.3.0 (registry+https://github.com/rust-lang/crates.io-index)",
]

[[package]]
name = "typed-arena"
version = "1.4.1"
source = "registry+https://github.com/rust-lang/crates.io-index"

[metadata]
"checksum peresil 0.3.0 (registry+https://github.com/rust-lang/crates.io-index)" = "f658886ed52e196e850cfbbfddab9eaa7f6d90dd0929e264c31e5cec07e09e57"
"checksum quick-error 1.2.2 (registry+https://github.com/rust-lang/crates.io-index)" = "9274b940887ce9addde99c4eee6b5c44cc494b182b97e73dc8ffdcb3397fd3f0"
"checksum sxd-document 0.3.0 (registry+https://github.com/rust-lang/crates.io-index)" = "7f9daa5f04135690dcb001fd5d4f1d536d62e988262954e68abb3ab7db36a4f9"
"checksum sxd-xpath 0.4.2 (registry+https://github.com/rust-lang/crates.io-index)" = "36e39da5d30887b5690e29de4c5ebb8ddff64ebd9933f98a01daaa4fd11b36ea"
"checksum typed-arena 1.4.1 (registry+https://github.com/rust-lang/crates.io-index)" = "c6c06a92aef38bb4dc5b0df00d68496fc31307c5344c867bb61678c6e1671ec5"
